
Microsoft Visual Studio Solution File, Format Version 12.00
# Visual Studio Version 17
VisualStudioVersion = 17.13.35931.197 d17.13
MinimumVisualStudioVersion = 10.0.40219.1
Project("{FAE04EC0-301F-11D3-BF4B-00C04F79EFBC}") = "02_Reverse_String", "02_Reverse_String.csproj", "{EBEF8F3C-CBFD-4547-91B3-C8335341C20F}"
EndProject
Global
	GlobalSection(SolutionConfigurationPlatforms) = preSolution
		Debug|Any CPU = Debug|Any CPU
		Release|Any CPU = Release|Any CPU
	EndGlobalSection
	GlobalSection(ProjectConfigurationPlatforms) = postSolution
		{EBEF8F3C-CBFD-4547-91B3-C8335341C20F}.Debug|Any CPU.ActiveCfg = Debug|Any CPU
		{EBEF8F3C-CBFD-4547-91B3-C8335341C20F}.Debug|Any CPU.Build.0 = Debug|Any CPU
		{EBEF8F3C-CBFD-4547-91B3-C8335341C20F}.Release|Any CPU.ActiveCfg = Release|Any CPU
		{EBEF8F3C-CBFD-4547-91B3-C8335341C20F}.Release|Any CPU.Build.0 = Release|Any CPU
	EndGlobalSection
	GlobalSection(SolutionProperties) = preSolution
		HideSolutionNode = FALSE
	EndGlobalSection
	GlobalSection(ExtensibilityGlobals) = postSolution
		SolutionGuid = {C06A4A91-DDAE-4CBC-A477-A4BD8C5D7219}
	EndGlobalSection
EndGlobal
